
Microsoft Visual Studio Solution File, Format Version 11.00
# Visual Studio 2010
Project("{8BC9CEB8-8B4A-11D0-8D11-00A0C91BC942}") = "CmdApp", "CmdApp\CmdApp.vcxproj", "{F3891CBE-D68E-4CA1-B1EB-15A34640710E}"
EndProject
Project("{8BC9CEB8-8B4A-11D0-8D11-00A0C91BC942}") = "CmdAppTest", "CmdAppTest\CmdAppTest.vcxproj", "{96553FD6-F28B-44BD-90D7-39288C7C9A27}"
	ProjectSection(ProjectDependencies) = postProject
		{F3891CBE-D68E-4CA1-B1EB-15A34640710E} = {F3891CBE-D68E-4CA1-B1EB-15A34640710E}
	EndProjectSection
EndProject
Global
	GlobalSection(SolutionConfigurationPlatforms) = preSolution
		Debug|Win32 = Debug|Win32
		Debug|x64 = Debug|x64
		Release|Win32 = Release|Win32
		Release|x64 = Release|x64
	EndGlobalSection
	GlobalSection(ProjectConfigurationPlatforms) = postSolution
		{F3891CBE-D68E-4CA1-B1EB-15A34640710E}.Debug|Win32.ActiveCfg = Debug|Win32
		{F3891CBE-D68E-4CA1-B1EB-15A34640710E}.Debug|Win32.Build.0 = Debug|Win32
		{F3891CBE-D68E-4CA1-B1EB-15A34640710E}.Debug|x64.ActiveCfg = Debug|x64
		{F3891CBE-D68E-4CA1-B1EB-15A34640710E}.Debug|x64.Build.0 = Debug|x64
		{F3891CBE-D68E-4CA1-B1EB-15A34640710E}.Release|Win32.ActiveCfg = Release|Win32
		{F3891CBE-D68E-4CA1-B1EB-15A34640710E}.Release|Win32.Build.0 = Release|Win32
		{F3891CBE-D68E-4CA1-B1EB-15A34640710E}.Release|x64.ActiveCfg = Release|x64
		{F3891CBE-D68E-4CA1-B1EB-15A34640710E}.Release|x64.Build.0 = Release|x64
		{96553FD6-F28B-44BD-90D7-39288C7C9A27}.Debug|Win32.ActiveCfg = Debug|Win32
		{96553FD6-F28B-44BD-90D7-39288C7C9A27}.Debug|Win32.Build.0 = Debug|Win32
		{96553FD6-F28B-44BD-90D7-39288C7C9A27}.Debug|x64.ActiveCfg = Debug|x64
		{96553FD6-F28B-44BD-90D7-39288C7C9A27}.Debug|x64.Build.0 = Debug|x64
		{96553FD6-F28B-44BD-90D7-39288C7C9A27}.Release|Win32.ActiveCfg = Release|Win32
		{96553FD6-F28B-44BD-90D7-39288C7C9A27}.Release|Win32.Build.0 = Release|Win32
		{96553FD6-F28B-44BD-90D7-39288C7C9A27}.Release|x64.ActiveCfg = Release|x64
		{96553FD6-F28B-44BD-90D7-39288C7C9A27}.Release|x64.Build.0 = Release|x64
	EndGlobalSection
	GlobalSection(SolutionProperties) = preSolution
		HideSolutionNode = FALSE
	EndGlobalSection
EndGlobal
